
Microsoft Visual Studio Solution File, Format Version 12.00
# Visual Studio Version 17
VisualStudioVersion = 17.4.33122.133
MinimumVisualStudioVersion = 10.0.40219.1
Project("{FAE04EC0-301F-11D3-BF4B-00C04F79EFBC}") = "UsersConsole", "UsersConsole\UsersConsole.csproj", "{5716C94A-87B3-4294-8789-33CE6187AC63}"
EndProject
Project("{F184B08F-C81C-45F6-A57F-5ABD9991F28F}") = "VBUsersDbLib", "VBUsersDbLib\VBUsersDbLib.vbproj", "{214E8E8F-5C81-48FE-8141-5A4E859C0357}"
EndProject
Global
	GlobalSection(SolutionConfigurationPlatforms) = preSolution
		Debug|Any CPU = Debug|Any CPU
		Release|Any CPU = Release|Any CPU
	EndGlobalSection
	GlobalSection(ProjectConfigurationPlatforms) = postSolution
		{5716C94A-87B3-4294-8789-33CE6187AC63}.Debug|Any CPU.ActiveCfg = Debug|Any CPU
		{5716C94A-87B3-4294-8789-33CE6187AC63}.Debug|Any CPU.Build.0 = Debug|Any CPU
		{5716C94A-87B3-4294-8789-33CE6187AC63}.Release|Any CPU.ActiveCfg = Release|Any CPU
		{5716C94A-87B3-4294-8789-33CE6187AC63}.Release|Any CPU.Build.0 = Release|Any CPU
		{214E8E8F-5C81-48FE-8141-5A4E859C0357}.Debug|Any CPU.ActiveCfg = Debug|Any CPU
		{214E8E8F-5C81-48FE-8141-5A4E859C0357}.Debug|Any CPU.Build.0 = Debug|Any CPU
		{214E8E8F-5C81-48FE-8141-5A4E859C0357}.Release|Any CPU.ActiveCfg = Release|Any CPU
		{214E8E8F-5C81-48FE-8141-5A4E859C0357}.Release|Any CPU.Build.0 = Release|Any CPU
	EndGlobalSection
	GlobalSection(SolutionProperties) = preSolution
		HideSolutionNode = FALSE
	EndGlobalSection
	GlobalSection(ExtensibilityGlobals) = postSolution
		SolutionGuid = {63E5C3CB-CF07-4EA5-A146-DF9229465D03}
	EndGlobalSection
EndGlobal
